
Microsoft Visual Studio Solution File, Format Version 12.00
# Visual Studio Version 17
VisualStudioVersion = 17.13.35828.75
MinimumVisualStudioVersion = 10.0.40219.1
Project("{FAE04EC0-301F-11D3-BF4B-00C04F79EFBC}") = "ClassRoomMonitoring", "ClassRoomMonitoring\ClassRoomMonitoring.csproj", "{8FEB138F-1F71-4C0D-87F1-A7807DC67001}"
EndProject
Project("{FAE04EC0-301F-11D3-BF4B-00C04F79EFBC}") = "Student", "Student\Student.csproj", "{EAE738D8-E97B-4650-B2C9-F3B49CD372BC}"
EndProject
Project("{FAE04EC0-301F-11D3-BF4B-00C04F79EFBC}") = "Teacher", "Teacher\Teacher.csproj", "{05FF999E-42EE-4D02-AD70-2012BAD59AF4}"
EndProject
Global
	GlobalSection(SolutionConfigurationPlatforms) = preSolution
		Debug|Any CPU = Debug|Any CPU
		Release|Any CPU = Release|Any CPU
	EndGlobalSection
	GlobalSection(ProjectConfigurationPlatforms) = postSolution
		{8FEB138F-1F71-4C0D-87F1-A7807DC67001}.Debug|Any CPU.ActiveCfg = Debug|Any CPU
		{8FEB138F-1F71-4C0D-87F1-A7807DC67001}.Debug|Any CPU.Build.0 = Debug|Any CPU
		{8FEB138F-1F71-4C0D-87F1-A7807DC67001}.Release|Any CPU.ActiveCfg = Release|Any CPU
		{8FEB138F-1F71-4C0D-87F1-A7807DC67001}.Release|Any CPU.Build.0 = Release|Any CPU
		{EAE738D8-E97B-4650-B2C9-F3B49CD372BC}.Debug|Any CPU.ActiveCfg = Debug|Any CPU
		{EAE738D8-E97B-4650-B2C9-F3B49CD372BC}.Debug|Any CPU.Build.0 = Debug|Any CPU
		{EAE738D8-E97B-4650-B2C9-F3B49CD372BC}.Release|Any CPU.ActiveCfg = Release|Any CPU
		{EAE738D8-E97B-4650-B2C9-F3B49CD372BC}.Release|Any CPU.Build.0 = Release|Any CPU
		{05FF999E-42EE-4D02-AD70-2012BAD59AF4}.Debug|Any CPU.ActiveCfg = Debug|Any CPU
		{05FF999E-42EE-4D02-AD70-2012BAD59AF4}.Debug|Any CPU.Build.0 = Debug|Any CPU
		{05FF999E-42EE-4D02-AD70-2012BAD59AF4}.Release|Any CPU.ActiveCfg = Release|Any CPU
		{05FF999E-42EE-4D02-AD70-2012BAD59AF4}.Release|Any CPU.Build.0 = Release|Any CPU
	EndGlobalSection
	GlobalSection(SolutionProperties) = preSolution
		HideSolutionNode = FALSE
	EndGlobalSection
	GlobalSection(ExtensibilityGlobals) = postSolution
		SolutionGuid = {5224EE65-D3E7-4F2E-A6B6-387FE962E60C}
	EndGlobalSection
EndGlobal
